
Microsoft Visual Studio Solution File, Format Version 12.00
# Visual Studio Version 17
VisualStudioVersion = 17.0.31903.59
MinimumVisualStudioVersion = 10.0.40219.1
Project("{FAE04EC0-301F-11D3-BF4B-00C04F79EFBC}") = "API", "API\API.csproj", "{D5533E0B-1676-49A1-9318-46FAAAB8611F}"
EndProject
Project("{FAE04EC0-301F-11D3-BF4B-00C04F79EFBC}") = "Core", "Core\Core.csproj", "{7C4503C7-B5F7-4943-84A5-161B1DA5EBEF}"
EndProject
Project("{FAE04EC0-301F-11D3-BF4B-00C04F79EFBC}") = "Infastructure", "infastructure\Infastructure.csproj", "{FC898ACE-9362-4A1C-8A63-98CFAE27A6D6}"
EndProject
Global
	GlobalSection(SolutionConfigurationPlatforms) = preSolution
		Debug|Any CPU = Debug|Any CPU
		Release|Any CPU = Release|Any CPU
	EndGlobalSection
	GlobalSection(SolutionProperties) = preSolution
		HideSolutionNode = FALSE
	EndGlobalSection
	GlobalSection(ProjectConfigurationPlatforms) = postSolution
		{D5533E0B-1676-49A1-9318-46FAAAB8611F}.Debug|Any CPU.ActiveCfg = Debug|Any CPU
		{D5533E0B-1676-49A1-9318-46FAAAB8611F}.Debug|Any CPU.Build.0 = Debug|Any CPU
		{D5533E0B-1676-49A1-9318-46FAAAB8611F}.Release|Any CPU.ActiveCfg = Release|Any CPU
		{D5533E0B-1676-49A1-9318-46FAAAB8611F}.Release|Any CPU.Build.0 = Release|Any CPU
		{7C4503C7-B5F7-4943-84A5-161B1DA5EBEF}.Debug|Any CPU.ActiveCfg = Debug|Any CPU
		{7C4503C7-B5F7-4943-84A5-161B1DA5EBEF}.Debug|Any CPU.Build.0 = Debug|Any CPU
		{7C4503C7-B5F7-4943-84A5-161B1DA5EBEF}.Release|Any CPU.ActiveCfg = Release|Any CPU
		{7C4503C7-B5F7-4943-84A5-161B1DA5EBEF}.Release|Any CPU.Build.0 = Release|Any CPU
		{FC898ACE-9362-4A1C-8A63-98CFAE27A6D6}.Debug|Any CPU.ActiveCfg = Debug|Any CPU
		{FC898ACE-9362-4A1C-8A63-98CFAE27A6D6}.Debug|Any CPU.Build.0 = Debug|Any CPU
		{FC898ACE-9362-4A1C-8A63-98CFAE27A6D6}.Release|Any CPU.ActiveCfg = Release|Any CPU
		{FC898ACE-9362-4A1C-8A63-98CFAE27A6D6}.Release|Any CPU.Build.0 = Release|Any CPU
	EndGlobalSection
EndGlobal
